
Microsoft Visual Studio Solution File, Format Version 12.00
# Visual Studio 15
VisualStudioVersion = 15.0.28307.539
MinimumVisualStudioVersion = 10.0.40219.1
Project("{FAE04EC0-301F-11D3-BF4B-00C04F79EFBC}") = "ConsignmentShopUI", "ConsignmentShopUI\ConsignmentShopUI.csproj", "{927A8BDC-278D-4927-B721-3E4B406DA54C}"
EndProject
Global
	GlobalSection(SolutionConfigurationPlatforms) = preSolution
		Debug|Any CPU = Debug|Any CPU
		Release|Any CPU = Release|Any CPU
	EndGlobalSection
	GlobalSection(ProjectConfigurationPlatforms) = postSolution
		{927A8BDC-278D-4927-B721-3E4B406DA54C}.Debug|Any CPU.ActiveCfg = Debug|Any CPU
		{927A8BDC-278D-4927-B721-3E4B406DA54C}.Debug|Any CPU.Build.0 = Debug|Any CPU
		{927A8BDC-278D-4927-B721-3E4B406DA54C}.Release|Any CPU.ActiveCfg = Release|Any CPU
		{927A8BDC-278D-4927-B721-3E4B406DA54C}.Release|Any CPU.Build.0 = Release|Any CPU
	EndGlobalSection
	GlobalSection(SolutionProperties) = preSolution
		HideSolutionNode = FALSE
	EndGlobalSection
	GlobalSection(ExtensibilityGlobals) = postSolution
		SolutionGuid = {D1BD1124-F926-43ED-ABE2-6397314CA8B3}
	EndGlobalSection
EndGlobal
